{
  "name": "@repo/ui",
  "version": "1.0.0",
  "lockfileVersion": 3,
  "requires": true,
  "packages": {
    "": {
      "name": "@repo/ui",
      "version": "1.0.0",
      "license": "MIT",
      "dependencies": {
        "@kobalte/core": "^0.13.11",
        "@solid-primitives/mouse": "^2.1.4",
        "@tailwindcss/vite": "^4.0.9",
        "clsx": "^2.1.1",
        "lucide-solid": "^0.525.0",
        "path": "^0.12.7",
        "solid-js": "^1.9.9",
        "tailwind-merge": "^3.0.1",
        "tailwindcss": "^4.0.9",
        "vite-tsconfig-paths": "^5.1.4"
      },
      "devDependencies": {
        "vite": "^6.2.0",
        "vite-plugin-solid": "^2.11.6"
      }
    },
    "../../node_modules/.pnpm/@solid-primitives+mouse@2.1.4_solid-js@1.9.5/node_modules/@solid-primitives/mouse": {
      "version": "2.1.4",
      "license": "MIT",
      "dependencies": {
        "@solid-primitives/event-listener": "^2.4.3",
        "@solid-primitives/rootless": "^1.5.2",
        "@solid-primitives/static-store": "^0.1.2",
        "@solid-primitives/utils": "^6.3.2"
      },
      "devDependencies": {
        "@solid-primitives/raf": "^2.3.2",
        "solid-js": "^1.9.7"
      },
      "peerDependencies": {
        "solid-js": "^1.6.12"
      }
    },
    "../../node_modules/.pnpm/@tailwindcss+vite@4.0.12_vite@6.2.1_@types+node@24.0.14_jiti@2.4.2_lightningcss@1.30.1_terser@5.43.1_/node_modules/@tailwindcss/vite": {
      "version": "4.0.12",
      "license": "MIT",
      "dependencies": {
        "@tailwindcss/node": "4.0.12",
        "@tailwindcss/oxide": "4.0.12",
        "lightningcss": "^1.29.1",
        "tailwindcss": "4.0.12"
      },
      "devDependencies": {
        "@types/node": "^20.14.8",
        "vite": "^6.0.0"
      },
      "peerDependencies": {
        "vite": "^5.2.0 || ^6"
      }
    },
    "../../node_modules/.pnpm/clsx@2.1.1/node_modules/clsx": {
      "version": "2.1.1",
      "license": "MIT",
      "devDependencies": {
        "esm": "3.2.25",
        "terser": "4.8.0",
        "uvu": "0.5.4"
      },
      "engines": {
        "node": ">=6"
      }
    },
    "../../node_modules/.pnpm/lucide-solid@0.525.0_solid-js@1.9.5/node_modules/lucide-solid": {
      "version": "0.525.0",
      "license": "ISC",
      "devDependencies": {
        "@babel/core": "^7.23.9",
        "@babel/preset-env": "^7.23.9",
        "@babel/preset-typescript": "^7.23.3",
        "@lucide/build-icons": "1.1.0",
        "@lucide/rollup-plugins": "1.0.0",
        "@lucide/shared": "1.0.0",
        "@rollup/plugin-babel": "^6.0.4",
        "@solidjs/testing-library": "^0.8.10",
        "@testing-library/jest-dom": "^6.4.2",
        "babel-preset-solid": "^1.8.12",
        "esbuild": "^0.25.0",
        "jest-serializer-html": "^7.1.0",
        "rollup": "^4.22.4",
        "solid-js": "^1.9.4",
        "typescript": "^5.8.3",
        "vite": "^6.3.4",
        "vite-plugin-solid": "^2.11.6",
        "vitest": "^3.1.3"
      },
      "peerDependencies": {
        "solid-js": "^1.4.7"
      }
    },
    "../../node_modules/.pnpm/path@0.12.7/node_modules/path": {
      "version": "0.12.7",
      "license": "MIT",
      "dependencies": {
        "process": "^0.11.1",
        "util": "^0.10.3"
      }
    },
    "../../node_modules/.pnpm/tailwind-merge@3.0.2/node_modules/tailwind-merge": {
      "version": "3.0.2",
      "license": "MIT",
      "devDependencies": {
        "@babel/core": "^7.26.7",
        "@babel/preset-env": "^7.26.7",
        "@codspeed/vitest-plugin": "^4.0.0",
        "@rollup/plugin-babel": "^6.0.4",
        "@rollup/plugin-node-resolve": "^16.0.0",
        "@rollup/plugin-typescript": "^12.1.2",
        "@vitest/coverage-v8": "^3.0.4",
        "@vitest/eslint-plugin": "^1.1.25",
        "babel-plugin-annotate-pure-calls": "^0.5.0",
        "babel-plugin-polyfill-regenerator": "^0.6.3",
        "eslint": "^9.19.0",
        "eslint-plugin-import": "^2.31.0",
        "globby": "^11.1.0",
        "prettier": "^3.4.2",
        "rollup": "^4.34.0",
        "rollup-plugin-delete": "^2.1.0",
        "rollup-plugin-dts": "^6.1.1",
        "tslib": "^2.8.1",
        "typescript": "^5.7.3",
        "typescript-eslint": "^8.22.0",
        "vitest": "^3.0.4",
        "zx": "^8.3.2"
      },
      "funding": {
        "type": "github",
        "url": "https://github.com/sponsors/dcastil"
      }
    },
    "../../node_modules/.pnpm/tailwindcss@4.0.12/node_modules/tailwindcss": {
      "version": "4.0.12",
      "license": "MIT",
      "devDependencies": {
        "@tailwindcss/oxide": "^4.0.12",
        "@types/node": "^20.14.8",
        "dedent": "1.5.3",
        "lightningcss": "^1.29.1"
      }
    },
    "../../node_modules/.pnpm/vite-plugin-solid@2.11.6_@testing-library+jest-dom@6.6.3_solid-js@1.9.5_vite@6.2.1_@types+nod_lzv4oqovaoeoiq6kqc7wxm77v4/node_modules/vite-plugin-solid": {
      "version": "2.11.6",
      "dev": true,
      "license": "MIT",
      "dependencies": {
        "@babel/core": "^7.23.3",
        "@types/babel__core": "^7.20.4",
        "babel-preset-solid": "^1.8.4",
        "merge-anything": "^5.1.7",
        "solid-refresh": "^0.6.3",
        "vitefu": "^1.0.4"
      },
      "devDependencies": {
        "@babel/preset-env": "^7.23.3",
        "@babel/preset-typescript": "^7.23.3",
        "@changesets/cli": "^2.27.1",
        "@rollup/plugin-babel": "^6.0.4",
        "@rollup/plugin-commonjs": "^25.0.7",
        "@rollup/plugin-node-resolve": "^15.2.3",
        "@skypack/package-check": "^0.2.2",
        "@types/node": "^18.18.4",
        "cypress": "^14.0.0",
        "cypress-visual-regression": "^5.2.2",
        "cypress-vite": "^1.6.0",
        "cypress-wait-until": "^3.0.2",
        "prettier": "^3.1.0",
        "rollup": "^4.5.0",
        "rollup-plugin-cleaner": "^1.0.0",
        "solid-js": "^1.9.3",
        "typescript": "^5.2.2",
        "vite": "^6.0.0"
      },
      "peerDependencies": {
        "@testing-library/jest-dom": "^5.16.6 || ^5.17.0 || ^6.*",
        "solid-js": "^1.7.2",
        "vite": "^3.0.0 || ^4.0.0 || ^5.0.0 || ^6.0.0"
      },
      "peerDependenciesMeta": {
        "@testing-library/jest-dom": {
          "optional": true
        }
      }
    },
    "../../node_modules/.pnpm/vite-tsconfig-paths@5.1.4_typescript@5.8.2_vite@6.2.1_@types+node@24.0.14_jiti@2.4.2_lightningcss@1.30.1_terser@5.43.1_/node_modules/vite-tsconfig-paths": {
      "version": "5.1.4",
      "license": "MIT",
      "dependencies": {
        "debug": "^4.1.1",
        "globrex": "^0.1.2",
        "tsconfck": "^3.0.3"
      },
      "devDependencies": {
        "@alloc/fast-rimraf": "^1.0.8",
        "@types/debug": "^4.1.5",
        "@types/globrex": "^0.1.0",
        "@types/node": "^22.2.0",
        "esbuild": "^0.11.12",
        "execa": "^9.5.1",
        "klona": "^2.0.4",
        "prettier": "^2.8.7",
        "rollup": "^2.45.2",
        "tsup": "^6.5.0",
        "typescript": "^5.7.2",
        "vite": "^6.0.2",
        "vite-tsconfig-paths": "link:.",
        "vitest": "^2.1.8"
      },
      "peerDependencies": {
        "vite": "*"
      },
      "peerDependenciesMeta": {
        "vite": {
          "optional": true
        }
      }
    },
    "../../node_modules/.pnpm/vite@6.2.1_@types+node@24.0.14_jiti@2.4.2_lightningcss@1.30.1_terser@5.43.1/node_modules/vite": {
      "version": "6.2.1",
      "dev": true,
      "license": "MIT",
      "dependencies": {
        "esbuild": "^0.25.0",
        "postcss": "^8.5.3",
        "rollup": "^4.30.1"
      },
      "bin": {
        "vite": "bin/vite.js"
      },
      "devDependencies": {
        "@ampproject/remapping": "^2.3.0",
        "@babel/parser": "^7.26.9",
        "@jridgewell/trace-mapping": "^0.3.25",
        "@polka/compression": "^1.0.0-next.25",
        "@rollup/plugin-alias": "^5.1.1",
        "@rollup/plugin-commonjs": "^28.0.2",
        "@rollup/plugin-dynamic-import-vars": "2.1.4",
        "@rollup/plugin-json": "^6.1.0",
        "@rollup/plugin-node-resolve": "16.0.0",
        "@rollup/pluginutils": "^5.1.4",
        "@types/escape-html": "^1.0.4",
        "@types/pnpapi": "^0.0.5",
        "artichokie": "^0.3.1",
        "cac": "^6.7.14",
        "chokidar": "^3.6.0",
        "connect": "^3.7.0",
        "convert-source-map": "^2.0.0",
        "cors": "^2.8.5",
        "cross-spawn": "^7.0.6",
        "debug": "^4.4.0",
        "dep-types": "link:./src/types",
        "dotenv": "^16.4.7",
        "dotenv-expand": "^12.0.1",
        "es-module-lexer": "^1.6.0",
        "escape-html": "^1.0.3",
        "estree-walker": "^3.0.3",
        "etag": "^1.8.1",
        "http-proxy": "^1.18.1",
        "launch-editor-middleware": "^2.10.0",
        "lightningcss": "^1.29.1",
        "magic-string": "^0.30.17",
        "mlly": "^1.7.4",
        "mrmime": "^2.0.1",
        "nanoid": "^5.1.2",
        "open": "^10.1.0",
        "parse5": "^7.2.1",
        "pathe": "^2.0.3",
        "periscopic": "^4.0.2",
        "picocolors": "^1.1.1",
        "picomatch": "^4.0.2",
        "postcss-import": "^16.1.0",
        "postcss-load-config": "^6.0.1",
        "postcss-modules": "^6.0.1",
        "resolve.exports": "^2.0.3",
        "rollup-plugin-dts": "^6.1.1",
        "rollup-plugin-esbuild": "^6.2.1",
        "rollup-plugin-license": "^3.6.0",
        "sass": "^1.85.1",
        "sass-embedded": "^1.85.1",
        "sirv": "^3.0.1",
        "source-map-support": "^0.5.21",
        "strip-literal": "^3.0.0",
        "terser": "^5.39.0",
        "tinyglobby": "^0.2.12",
        "tsconfck": "^3.1.5",
        "tslib": "^2.8.1",
        "types": "link:./types",
        "ufo": "^1.5.4",
        "ws": "^8.18.1"
      },
      "engines": {
        "node": "^18.0.0 || ^20.0.0 || >=22.0.0"
      },
      "funding": {
        "url": "https://github.com/vitejs/vite?sponsor=1"
      },
      "optionalDependencies": {
        "fsevents": "~2.3.3"
      },
      "peerDependencies": {
        "@types/node": "^18.0.0 || ^20.0.0 || >=22.0.0",
        "jiti": ">=1.21.0",
        "less": "*",
        "lightningcss": "^1.21.0",
        "sass": "*",
        "sass-embedded": "*",
        "stylus": "*",
        "sugarss": "*",
        "terser": "^5.16.0",
        "tsx": "^4.8.1",
        "yaml": "^2.4.2"
      },
      "peerDependenciesMeta": {
        "@types/node": {
          "optional": true
        },
        "jiti": {
          "optional": true
        },
        "less": {
          "optional": true
        },
        "lightningcss": {
          "optional": true
        },
        "sass": {
          "optional": true
        },
        "sass-embedded": {
          "optional": true
        },
        "stylus": {
          "optional": true
        },
        "sugarss": {
          "optional": true
        },
        "terser": {
          "optional": true
        },
        "tsx": {
          "optional": true
        },
        "yaml": {
          "optional": true
        }
      }
    },
    "node_modules/@corvu/utils": {
      "version": "0.4.2",
      "resolved": "https://registry.npmjs.org/@corvu/utils/-/utils-0.4.2.tgz",
      "integrity": "sha512-Ox2kYyxy7NoXdKWdHeDEjZxClwzO4SKM8plAaVwmAJPxHMqA0rLOoAsa+hBDwRLpctf+ZRnAd/ykguuJidnaTA==",
      "dependencies": {
        "@floating-ui/dom": "^1.6.11"
      },
      "peerDependencies": {
        "solid-js": "^1.8"
      }
    },
    "node_modules/@floating-ui/core": {
      "version": "1.7.3",
      "resolved": "https://registry.npmjs.org/@floating-ui/core/-/core-1.7.3.tgz",
      "integrity": "sha512-sGnvb5dmrJaKEZ+LDIpguvdX3bDlEllmv4/ClQ9awcmCZrlx5jQyyMWFM5kBI+EyNOCDDiKk8il0zeuX3Zlg/w==",
      "dependencies": {
        "@floating-ui/utils": "^0.2.10"
      }
    },
    "node_modules/@floating-ui/dom": {
      "version": "1.7.3",
      "resolved": "https://registry.npmjs.org/@floating-ui/dom/-/dom-1.7.3.tgz",
      "integrity": "sha512-uZA413QEpNuhtb3/iIKoYMSK07keHPYeXF02Zhd6e213j+d1NamLix/mCLxBUDW/Gx52sPH2m+chlUsyaBs/Ag==",
      "dependencies": {
        "@floating-ui/core": "^1.7.3",
        "@floating-ui/utils": "^0.2.10"
      }
    },
    "node_modules/@floating-ui/utils": {
      "version": "0.2.10",
      "resolved": "https://registry.npmjs.org/@floating-ui/utils/-/utils-0.2.10.tgz",
      "integrity": "sha512-aGTxbpbg8/b5JfU1HXSrbH3wXZuLPJcNEcZQFMxLs3oSzgtVu6nFPkbbGGUvBcUjKV2YyB9Wxxabo+HEH9tcRQ=="
    },
    "node_modules/@internationalized/date": {
      "version": "3.8.2",
      "resolved": "https://registry.npmjs.org/@internationalized/date/-/date-3.8.2.tgz",
      "integrity": "sha512-/wENk7CbvLbkUvX1tu0mwq49CVkkWpkXubGel6birjRPyo6uQ4nQpnq5xZu823zRCwwn82zgHrvgF1vZyvmVgA==",
      "dependencies": {
        "@swc/helpers": "^0.5.0"
      }
    },
    "node_modules/@internationalized/number": {
      "version": "3.6.4",
      "resolved": "https://registry.npmjs.org/@internationalized/number/-/number-3.6.4.tgz",
      "integrity": "sha512-P+/h+RDaiX8EGt3shB9AYM1+QgkvHmJ5rKi4/59k4sg9g58k9rqsRW0WxRO7jCoHyvVbFRRFKmVTdFYdehrxHg==",
      "dependencies": {
        "@swc/helpers": "^0.5.0"
      }
    },
    "node_modules/@kobalte/core": {
      "version": "0.13.11",
      "resolved": "https://registry.npmjs.org/@kobalte/core/-/core-0.13.11.tgz",
      "integrity": "sha512-hK7TYpdib/XDb/r/4XDBFaO9O+3ZHz4ZWryV4/3BfES+tSQVgg2IJupDnztKXB0BqbSRy/aWlHKw1SPtNPYCFQ==",
      "dependencies": {
        "@floating-ui/dom": "^1.5.1",
        "@internationalized/date": "^3.4.0",
        "@internationalized/number": "^3.2.1",
        "@kobalte/utils": "^0.9.1",
        "@solid-primitives/props": "^3.1.8",
        "@solid-primitives/resize-observer": "^2.0.26",
        "solid-presence": "^0.1.8",
        "solid-prevent-scroll": "^0.1.4"
      },
      "peerDependencies": {
        "solid-js": "^1.8.15"
      }
    },
    "node_modules/@kobalte/utils": {
      "version": "0.9.1",
      "resolved": "https://registry.npmjs.org/@kobalte/utils/-/utils-0.9.1.tgz",
      "integrity": "sha512-eeU60A3kprIiBDAfv9gUJX1tXGLuZiKMajUfSQURAF2pk4ZoMYiqIzmrMBvzcxP39xnYttgTyQEVLwiTZnrV4w==",
      "dependencies": {
        "@solid-primitives/event-listener": "^2.2.14",
        "@solid-primitives/keyed": "^1.2.0",
        "@solid-primitives/map": "^0.4.7",
        "@solid-primitives/media": "^2.2.4",
        "@solid-primitives/props": "^3.1.8",
        "@solid-primitives/refs": "^1.0.5",
        "@solid-primitives/utils": "^6.2.1"
      },
      "peerDependencies": {
        "solid-js": "^1.8.8"
      }
    },
    "node_modules/@solid-primitives/event-listener": {
      "version": "2.4.3",
      "resolved": "https://registry.npmjs.org/@solid-primitives/event-listener/-/event-listener-2.4.3.tgz",
      "integrity": "sha512-h4VqkYFv6Gf+L7SQj+Y6puigL/5DIi7x5q07VZET7AWcS+9/G3WfIE9WheniHWJs51OEkRB43w6lDys5YeFceg==",
      "dependencies": {
        "@solid-primitives/utils": "^6.3.2"
      },
      "peerDependencies": {
        "solid-js": "^1.6.12"
      }
    },
    "node_modules/@solid-primitives/keyed": {
      "version": "1.5.2",
      "resolved": "https://registry.npmjs.org/@solid-primitives/keyed/-/keyed-1.5.2.tgz",
      "integrity": "sha512-BgoEdqPw48URnI+L5sZIHdF4ua4Las1eWEBBPaoSFs42kkhnHue+rwCBPL2Z9ebOyQ75sUhUfOETdJfmv0D6Kg==",
      "peerDependencies": {
        "solid-js": "^1.6.12"
      }
    },
    "node_modules/@solid-primitives/map": {
      "version": "0.4.13",
      "resolved": "https://registry.npmjs.org/@solid-primitives/map/-/map-0.4.13.tgz",
      "integrity": "sha512-B1zyFbsiTQvqPr+cuPCXO72sRuczG9Swncqk5P74NCGw1VE8qa/Ry9GlfI1e/VdeQYHjan+XkbE3rO2GW/qKew==",
      "dependencies": {
        "@solid-primitives/trigger": "^1.1.0"
      },
      "peerDependencies": {
        "solid-js": "^1.6.12"
      }
    },
    "node_modules/@solid-primitives/media": {
      "version": "2.3.3",
      "resolved": "https://registry.npmjs.org/@solid-primitives/media/-/media-2.3.3.tgz",
      "integrity": "sha512-hQ4hLOGvfbugQi5Eu1BFWAIJGIAzztq9x0h02xgBGl2l0Jaa3h7tg6bz5tV1NSuNYVGio4rPoa7zVQQLkkx9dA==",
      "dependencies": {
        "@solid-primitives/event-listener": "^2.4.3",
        "@solid-primitives/rootless": "^1.5.2",
        "@solid-primitives/static-store": "^0.1.2",
        "@solid-primitives/utils": "^6.3.2"
      },
      "peerDependencies": {
        "solid-js": "^1.6.12"
      }
    },
    "node_modules/@solid-primitives/mouse": {
      "resolved": "../../node_modules/.pnpm/@solid-primitives+mouse@2.1.4_solid-js@1.9.5/node_modules/@solid-primitives/mouse",
      "link": true
    },
    "node_modules/@solid-primitives/props": {
      "version": "3.2.2",
      "resolved": "https://registry.npmjs.org/@solid-primitives/props/-/props-3.2.2.tgz",
      "integrity": "sha512-lZOTwFJajBrshSyg14nBMEP0h8MXzPowGO0s3OeiR3z6nXHTfj0FhzDtJMv+VYoRJKQHG2QRnJTgCzK6erARAw==",
      "dependencies": {
        "@solid-primitives/utils": "^6.3.2"
      },
      "peerDependencies": {
        "solid-js": "^1.6.12"
      }
    },
    "node_modules/@solid-primitives/refs": {
      "version": "1.1.2",
      "resolved": "https://registry.npmjs.org/@solid-primitives/refs/-/refs-1.1.2.tgz",
      "integrity": "sha512-K7tf2thy7L+YJjdqXspXOg5xvNEOH8tgEWsp0+1mQk3obHBRD6hEjYZk7p7FlJphSZImS35je3UfmWuD7MhDfg==",
      "dependencies": {
        "@solid-primitives/utils": "^6.3.2"
      },
      "peerDependencies": {
        "solid-js": "^1.6.12"
      }
    },
    "node_modules/@solid-primitives/resize-observer": {
      "version": "2.1.3",
      "resolved": "https://registry.npmjs.org/@solid-primitives/resize-observer/-/resize-observer-2.1.3.tgz",
      "integrity": "sha512-zBLje5E06TgOg93S7rGPldmhDnouNGhvfZVKOp+oG2XU8snA+GoCSSCz1M+jpNAg5Ek2EakU5UVQqL152WmdXQ==",
      "dependencies": {
        "@solid-primitives/event-listener": "^2.4.3",
        "@solid-primitives/rootless": "^1.5.2",
        "@solid-primitives/static-store": "^0.1.2",
        "@solid-primitives/utils": "^6.3.2"
      },
      "peerDependencies": {
        "solid-js": "^1.6.12"
      }
    },
    "node_modules/@solid-primitives/rootless": {
      "version": "1.5.2",
      "resolved": "https://registry.npmjs.org/@solid-primitives/rootless/-/rootless-1.5.2.tgz",
      "integrity": "sha512-9HULb0QAzL2r47CCad0M+NKFtQ+LrGGNHZfteX/ThdGvKIg2o2GYhBooZubTCd/RTu2l2+Nw4s+dEfiDGvdrrQ==",
      "dependencies": {
        "@solid-primitives/utils": "^6.3.2"
      },
      "peerDependencies": {
        "solid-js": "^1.6.12"
      }
    },
    "node_modules/@solid-primitives/static-store": {
      "version": "0.1.2",
      "resolved": "https://registry.npmjs.org/@solid-primitives/static-store/-/static-store-0.1.2.tgz",
      "integrity": "sha512-ReK+5O38lJ7fT+L6mUFvUr6igFwHBESZF+2Ug842s7fvlVeBdIVEdTCErygff6w7uR6+jrr7J8jQo+cYrEq4Iw==",
      "dependencies": {
        "@solid-primitives/utils": "^6.3.2"
      },
      "peerDependencies": {
        "solid-js": "^1.6.12"
      }
    },
    "node_modules/@solid-primitives/trigger": {
      "version": "1.2.2",
      "resolved": "https://registry.npmjs.org/@solid-primitives/trigger/-/trigger-1.2.2.tgz",
      "integrity": "sha512-IWoptVc0SWYgmpBPpCMehS5b07+tpFcvw15tOQ3QbXedSYn6KP8zCjPkHNzMxcOvOicTneleeZDP7lqmz+PQ6g==",
      "dependencies": {
        "@solid-primitives/utils": "^6.3.2"
      },
      "peerDependencies": {
        "solid-js": "^1.6.12"
      }
    },
    "node_modules/@solid-primitives/utils": {
      "version": "6.3.2",
      "resolved": "https://registry.npmjs.org/@solid-primitives/utils/-/utils-6.3.2.tgz",
      "integrity": "sha512-hZ/M/qr25QOCcwDPOHtGjxTD8w2mNyVAYvcfgwzBHq2RwNqHNdDNsMZYap20+ruRwW4A3Cdkczyoz0TSxLCAPQ==",
      "peerDependencies": {
        "solid-js": "^1.6.12"
      }
    },
    "node_modules/@swc/helpers": {
      "version": "0.5.17",
      "resolved": "https://registry.npmjs.org/@swc/helpers/-/helpers-0.5.17.tgz",
      "integrity": "sha512-5IKx/Y13RsYd+sauPb2x+U/xZikHjolzfuDgTAl/Tdf3Q8rslRvC19NKDLgAJQ6wsqADk10ntlv08nPFw/gO/A==",
      "dependencies": {
        "tslib": "^2.8.0"
      }
    },
    "node_modules/@tailwindcss/vite": {
      "resolved": "../../node_modules/.pnpm/@tailwindcss+vite@4.0.12_vite@6.2.1_@types+node@24.0.14_jiti@2.4.2_lightningcss@1.30.1_terser@5.43.1_/node_modules/@tailwindcss/vite",
      "link": true
    },
    "node_modules/clsx": {
      "resolved": "../../node_modules/.pnpm/clsx@2.1.1/node_modules/clsx",
      "link": true
    },
    "node_modules/csstype": {
      "version": "3.1.3",
      "resolved": "https://registry.npmjs.org/csstype/-/csstype-3.1.3.tgz",
      "integrity": "sha512-M1uQkMl8rQK/szD0LNhtqxIPLpimGm8sOBwU7lLnCpSbTyY3yeU1Vc7l4KT5zT4s/yOxHH5O7tIuuLOCnLADRw=="
    },
    "node_modules/lucide-solid": {
      "resolved": "../../node_modules/.pnpm/lucide-solid@0.525.0_solid-js@1.9.5/node_modules/lucide-solid",
      "link": true
    },
    "node_modules/path": {
      "resolved": "../../node_modules/.pnpm/path@0.12.7/node_modules/path",
      "link": true
    },
    "node_modules/seroval": {
      "version": "1.3.2",
      "resolved": "https://registry.npmjs.org/seroval/-/seroval-1.3.2.tgz",
      "integrity": "sha512-RbcPH1n5cfwKrru7v7+zrZvjLurgHhGyso3HTyGtRivGWgYjbOmGuivCQaORNELjNONoK35nj28EoWul9sb1zQ==",
      "engines": {
        "node": ">=10"
      }
    },
    "node_modules/seroval-plugins": {
      "version": "1.3.2",
      "resolved": "https://registry.npmjs.org/seroval-plugins/-/seroval-plugins-1.3.2.tgz",
      "integrity": "sha512-0QvCV2lM3aj/U3YozDiVwx9zpH0q8A60CTWIv4Jszj/givcudPb48B+rkU5D51NJ0pTpweGMttHjboPa9/zoIQ==",
      "engines": {
        "node": ">=10"
      },
      "peerDependencies": {
        "seroval": "^1.0"
      }
    },
    "node_modules/solid-js": {
      "version": "1.9.9",
      "resolved": "https://registry.npmjs.org/solid-js/-/solid-js-1.9.9.tgz",
      "integrity": "sha512-A0ZBPJQldAeGCTW0YRYJmt7RCeh5rbFfPZ2aOttgYnctHE7HgKeHCBB/PVc2P7eOfmNXqMFFFoYYdm3S4dcbkA==",
      "dependencies": {
        "csstype": "^3.1.0",
        "seroval": "~1.3.0",
        "seroval-plugins": "~1.3.0"
      }
    },
    "node_modules/solid-presence": {
      "version": "0.1.8",
      "resolved": "https://registry.npmjs.org/solid-presence/-/solid-presence-0.1.8.tgz",
      "integrity": "sha512-pWGtXUFWYYUZNbg5YpG5vkQJyOtzn2KXhxYaMx/4I+lylTLYkITOLevaCwMRN+liCVk0pqB6EayLWojNqBFECA==",
      "dependencies": {
        "@corvu/utils": "~0.4.0"
      },
      "peerDependencies": {
        "solid-js": "^1.8"
      }
    },
    "node_modules/solid-prevent-scroll": {
      "version": "0.1.10",
      "resolved": "https://registry.npmjs.org/solid-prevent-scroll/-/solid-prevent-scroll-0.1.10.tgz",
      "integrity": "sha512-KplGPX2GHiWJLZ6AXYRql4M127PdYzfwvLJJXMkO+CMb8Np4VxqDAg5S8jLdwlEuBis/ia9DKw2M8dFx5u8Mhw==",
      "dependencies": {
        "@corvu/utils": "~0.4.1"
      },
      "peerDependencies": {
        "solid-js": "^1.8"
      }
    },
    "node_modules/tailwind-merge": {
      "resolved": "../../node_modules/.pnpm/tailwind-merge@3.0.2/node_modules/tailwind-merge",
      "link": true
    },
    "node_modules/tailwindcss": {
      "resolved": "../../node_modules/.pnpm/tailwindcss@4.0.12/node_modules/tailwindcss",
      "link": true
    },
    "node_modules/tslib": {
      "version": "2.8.1",
      "resolved": "https://registry.npmjs.org/tslib/-/tslib-2.8.1.tgz",
      "integrity": "sha512-oJFu94HQb+KVduSUQL7wnpmqnfmLsOA/nAh6b6EH0wCEoK0/mPeXU6c3wKDV83MkOuHPRHtSXKKU99IBazS/2w=="
    },
    "node_modules/vite": {
      "resolved": "../../node_modules/.pnpm/vite@6.2.1_@types+node@24.0.14_jiti@2.4.2_lightningcss@1.30.1_terser@5.43.1/node_modules/vite",
      "link": true
    },
    "node_modules/vite-plugin-solid": {
      "resolved": "../../node_modules/.pnpm/vite-plugin-solid@2.11.6_@testing-library+jest-dom@6.6.3_solid-js@1.9.5_vite@6.2.1_@types+nod_lzv4oqovaoeoiq6kqc7wxm77v4/node_modules/vite-plugin-solid",
      "link": true
    },
    "node_modules/vite-tsconfig-paths": {
      "resolved": "../../node_modules/.pnpm/vite-tsconfig-paths@5.1.4_typescript@5.8.2_vite@6.2.1_@types+node@24.0.14_jiti@2.4.2_lightningcss@1.30.1_terser@5.43.1_/node_modules/vite-tsconfig-paths",
      "link": true
    }
  }
}
